
Microsoft Visual Studio Solution File, Format Version 12.00
# Visual Studio Version 16
VisualStudioVersion = 16.0.30523.141
MinimumVisualStudioVersion = 10.0.40219.1
Project("{9A19103F-16F7-4668-BE54-9A1E7A4F7556}") = "SalesWebMvc", "SalesWebMvc\SalesWebMvc.csproj", "{9453E8F8-BB36-4F83-9F33-57B6450F8DB3}"
EndProject
Global
	GlobalSection(SolutionConfigurationPlatforms) = preSolution
		Debug|Any CPU = Debug|Any CPU
		Release|Any CPU = Release|Any CPU
	EndGlobalSection
	GlobalSection(ProjectConfigurationPlatforms) = postSolution
		{9453E8F8-BB36-4F83-9F33-57B6450F8DB3}.Debug|Any CPU.ActiveCfg = Debug|Any CPU
		{9453E8F8-BB36-4F83-9F33-57B6450F8DB3}.Debug|Any CPU.Build.0 = Debug|Any CPU
		{9453E8F8-BB36-4F83-9F33-57B6450F8DB3}.Release|Any CPU.ActiveCfg = Release|Any CPU
		{9453E8F8-BB36-4F83-9F33-57B6450F8DB3}.Release|Any CPU.Build.0 = Release|Any CPU
	EndGlobalSection
	GlobalSection(SolutionProperties) = preSolution
		HideSolutionNode = FALSE
	EndGlobalSection
	GlobalSection(ExtensibilityGlobals) = postSolution
		SolutionGuid = {7E201899-5EC4-4F2E-AA00-D872BC5597E6}
	EndGlobalSection
EndGlobal
